
Microsoft Visual Studio Solution File, Format Version 12.00
# Visual Studio Version 16
VisualStudioVersion = 16.0.32802.440
MinimumVisualStudioVersion = 10.0.40219.1
Project("{FAE04EC0-301F-11D3-BF4B-00C04F79EFBC}") = "WorkPlanningService", "WorkPlanningService\WorkPlanningService.csproj", "{DF614783-D118-4942-BF4B-F30F73018ABD}"
EndProject
Global
	GlobalSection(SolutionConfigurationPlatforms) = preSolution
		Debug|Any CPU = Debug|Any CPU
		Release|Any CPU = Release|Any CPU
	EndGlobalSection
	GlobalSection(ProjectConfigurationPlatforms) = postSolution
		{DF614783-D118-4942-BF4B-F30F73018ABD}.Debug|Any CPU.ActiveCfg = Debug|Any CPU
		{DF614783-D118-4942-BF4B-F30F73018ABD}.Debug|Any CPU.Build.0 = Debug|Any CPU
		{DF614783-D118-4942-BF4B-F30F73018ABD}.Release|Any CPU.ActiveCfg = Release|Any CPU
		{DF614783-D118-4942-BF4B-F30F73018ABD}.Release|Any CPU.Build.0 = Release|Any CPU
	EndGlobalSection
	GlobalSection(SolutionProperties) = preSolution
		HideSolutionNode = FALSE
	EndGlobalSection
	GlobalSection(ExtensibilityGlobals) = postSolution
		SolutionGuid = {325EDC77-EA1E-4B11-8B92-AE0287E01DEA}
	EndGlobalSection
EndGlobal
